
Microsoft Visual Studio Solution File, Format Version 12.00
# Visual Studio Version 16
VisualStudioVersion = 16.0.31205.134
MinimumVisualStudioVersion = 10.0.40219.1
Project("{FAE04EC0-301F-11D3-BF4B-00C04F79EFBC}") = "VeterinaryAppADO", "VeterinaryAppADO\VeterinaryAppADO.csproj", "{B6611DB1-C57D-46D3-A186-0DE4F5E0D04B}"
EndProject
Global
	GlobalSection(SolutionConfigurationPlatforms) = preSolution
		Debug|Any CPU = Debug|Any CPU
		Release|Any CPU = Release|Any CPU
	EndGlobalSection
	GlobalSection(ProjectConfigurationPlatforms) = postSolution
		{B6611DB1-C57D-46D3-A186-0DE4F5E0D04B}.Debug|Any CPU.ActiveCfg = Debug|Any CPU
		{B6611DB1-C57D-46D3-A186-0DE4F5E0D04B}.Debug|Any CPU.Build.0 = Debug|Any CPU
		{B6611DB1-C57D-46D3-A186-0DE4F5E0D04B}.Release|Any CPU.ActiveCfg = Release|Any CPU
		{B6611DB1-C57D-46D3-A186-0DE4F5E0D04B}.Release|Any CPU.Build.0 = Release|Any CPU
	EndGlobalSection
	GlobalSection(SolutionProperties) = preSolution
		HideSolutionNode = FALSE
	EndGlobalSection
	GlobalSection(ExtensibilityGlobals) = postSolution
		SolutionGuid = {D773E07B-4704-46CC-83B1-40484DCCC15F}
	EndGlobalSection
EndGlobal
